
Microsoft Visual Studio Solution File, Format Version 12.00
# Visual Studio Version 17
VisualStudioVersion = 17.8.34322.80
MinimumVisualStudioVersion = 10.0.40219.1
Project("{FAE04EC0-301F-11D3-BF4B-00C04F79EFBC}") = "20241010", "20241010.csproj", "{28D29A53-5485-48F2-84DD-517D29079875}"
EndProject
Global
	GlobalSection(SolutionConfigurationPlatforms) = preSolution
		Debug|Any CPU = Debug|Any CPU
		Release|Any CPU = Release|Any CPU
	EndGlobalSection
	GlobalSection(ProjectConfigurationPlatforms) = postSolution
		{28D29A53-5485-48F2-84DD-517D29079875}.Debug|Any CPU.ActiveCfg = Debug|Any CPU
		{28D29A53-5485-48F2-84DD-517D29079875}.Debug|Any CPU.Build.0 = Debug|Any CPU
		{28D29A53-5485-48F2-84DD-517D29079875}.Release|Any CPU.ActiveCfg = Release|Any CPU
		{28D29A53-5485-48F2-84DD-517D29079875}.Release|Any CPU.Build.0 = Release|Any CPU
	EndGlobalSection
	GlobalSection(SolutionProperties) = preSolution
		HideSolutionNode = FALSE
	EndGlobalSection
	GlobalSection(ExtensibilityGlobals) = postSolution
		SolutionGuid = {E37FA8FC-1527-4CE4-8B55-496F877788F1}
	EndGlobalSection
EndGlobal
