
Microsoft Visual Studio Solution File, Format Version 12.00
# Visual Studio Version 17
VisualStudioVersion = 17.11.35327.3
MinimumVisualStudioVersion = 10.0.40219.1
Project("{FAE04EC0-301F-11D3-BF4B-00C04F79EFBC}") = "202410172", "202410172.csproj", "{22A5A566-285B-4BCF-B5D7-4297A5C294BA}"
EndProject
Global
	GlobalSection(SolutionConfigurationPlatforms) = preSolution
		Debug|Any CPU = Debug|Any CPU
		Release|Any CPU = Release|Any CPU
	EndGlobalSection
	GlobalSection(ProjectConfigurationPlatforms) = postSolution
		{22A5A566-285B-4BCF-B5D7-4297A5C294BA}.Debug|Any CPU.ActiveCfg = Debug|Any CPU
		{22A5A566-285B-4BCF-B5D7-4297A5C294BA}.Debug|Any CPU.Build.0 = Debug|Any CPU
		{22A5A566-285B-4BCF-B5D7-4297A5C294BA}.Release|Any CPU.ActiveCfg = Release|Any CPU
		{22A5A566-285B-4BCF-B5D7-4297A5C294BA}.Release|Any CPU.Build.0 = Release|Any CPU
	EndGlobalSection
	GlobalSection(SolutionProperties) = preSolution
		HideSolutionNode = FALSE
	EndGlobalSection
	GlobalSection(ExtensibilityGlobals) = postSolution
		SolutionGuid = {9CFBB1BD-891E-4637-B4C3-3DE32C956654}
	EndGlobalSection
EndGlobal
